
Microsoft Visual Studio Solution File, Format Version 12.00
# Visual Studio Version 17
VisualStudioVersion = 17.11.35312.102
MinimumVisualStudioVersion = 10.0.40219.1
Project("{9A19103F-16F7-4668-BE54-9A1E7A4F7556}") = "Fibonacci", "Exercises\Fibonacci.csproj", "{BF337407-2090-4AB6-B681-FEA5ADBD0F73}"
EndProject
Project("{9A19103F-16F7-4668-BE54-9A1E7A4F7556}") = "LetraA", "LetraA\LetraA.csproj", "{1ACC5F85-1937-408B-9E04-A6447CF5B9D0}"
EndProject
Project("{FAE04EC0-301F-11D3-BF4B-00C04F79EFBC}") = "Soma", "Soma\Soma.csproj", "{16C01014-7FC0-4672-ADAD-2B6EB65DB393}"
EndProject
Project("{FAE04EC0-301F-11D3-BF4B-00C04F79EFBC}") = "Sequencia", "Sequencia\Sequencia.csproj", "{655CD20B-D390-499F-B587-1976F528A09F}"
EndProject
Project("{FAE04EC0-301F-11D3-BF4B-00C04F79EFBC}") = "Interruptor", "Interruptor\Interruptor.csproj", "{D30A3BD5-88C6-4563-9C8A-BAE77B4E3C57}"
EndProject
Global
	GlobalSection(SolutionConfigurationPlatforms) = preSolution
		Debug|Any CPU = Debug|Any CPU
		Release|Any CPU = Release|Any CPU
	EndGlobalSection
	GlobalSection(ProjectConfigurationPlatforms) = postSolution
		{BF337407-2090-4AB6-B681-FEA5ADBD0F73}.Debug|Any CPU.ActiveCfg = Debug|Any CPU
		{BF337407-2090-4AB6-B681-FEA5ADBD0F73}.Debug|Any CPU.Build.0 = Debug|Any CPU
		{BF337407-2090-4AB6-B681-FEA5ADBD0F73}.Release|Any CPU.ActiveCfg = Release|Any CPU
		{BF337407-2090-4AB6-B681-FEA5ADBD0F73}.Release|Any CPU.Build.0 = Release|Any CPU
		{1ACC5F85-1937-408B-9E04-A6447CF5B9D0}.Debug|Any CPU.ActiveCfg = Debug|Any CPU
		{1ACC5F85-1937-408B-9E04-A6447CF5B9D0}.Debug|Any CPU.Build.0 = Debug|Any CPU
		{1ACC5F85-1937-408B-9E04-A6447CF5B9D0}.Release|Any CPU.ActiveCfg = Release|Any CPU
		{1ACC5F85-1937-408B-9E04-A6447CF5B9D0}.Release|Any CPU.Build.0 = Release|Any CPU
		{16C01014-7FC0-4672-ADAD-2B6EB65DB393}.Debug|Any CPU.ActiveCfg = Debug|Any CPU
		{16C01014-7FC0-4672-ADAD-2B6EB65DB393}.Debug|Any CPU.Build.0 = Debug|Any CPU
		{16C01014-7FC0-4672-ADAD-2B6EB65DB393}.Release|Any CPU.ActiveCfg = Release|Any CPU
		{16C01014-7FC0-4672-ADAD-2B6EB65DB393}.Release|Any CPU.Build.0 = Release|Any CPU
		{655CD20B-D390-499F-B587-1976F528A09F}.Debug|Any CPU.ActiveCfg = Debug|Any CPU
		{655CD20B-D390-499F-B587-1976F528A09F}.Debug|Any CPU.Build.0 = Debug|Any CPU
		{655CD20B-D390-499F-B587-1976F528A09F}.Release|Any CPU.ActiveCfg = Release|Any CPU
		{655CD20B-D390-499F-B587-1976F528A09F}.Release|Any CPU.Build.0 = Release|Any CPU
		{D30A3BD5-88C6-4563-9C8A-BAE77B4E3C57}.Debug|Any CPU.ActiveCfg = Debug|Any CPU
		{D30A3BD5-88C6-4563-9C8A-BAE77B4E3C57}.Debug|Any CPU.Build.0 = Debug|Any CPU
		{D30A3BD5-88C6-4563-9C8A-BAE77B4E3C57}.Release|Any CPU.ActiveCfg = Release|Any CPU
		{D30A3BD5-88C6-4563-9C8A-BAE77B4E3C57}.Release|Any CPU.Build.0 = Release|Any CPU
	EndGlobalSection
	GlobalSection(SolutionProperties) = preSolution
		HideSolutionNode = FALSE
	EndGlobalSection
	GlobalSection(ExtensibilityGlobals) = postSolution
		SolutionGuid = {75057BD6-2913-4672-9F05-F708BF223008}
	EndGlobalSection
EndGlobal
